
Microsoft Visual Studio Solution File, Format Version 12.00
# Visual Studio Version 17
VisualStudioVersion = 17.10.35027.167
MinimumVisualStudioVersion = 10.0.40219.1
Project("{FAE04EC0-301F-11D3-BF4B-00C04F79EFBC}") = "API", "API\API.csproj", "{DDB4DD6A-86D1-4BB2-91D6-9CA2887192BA}"
EndProject
Project("{FAE04EC0-301F-11D3-BF4B-00C04F79EFBC}") = "Domain", "Domain\Domain.csproj", "{C65B5798-6580-4719-A6FA-2BC0481AF009}"
EndProject
Project("{FAE04EC0-301F-11D3-BF4B-00C04F79EFBC}") = "Data", "Data\Data.csproj", "{7ECCB781-71CA-4120-9376-05FE31D67927}"
EndProject
Project("{FAE04EC0-301F-11D3-BF4B-00C04F79EFBC}") = "Tests", "Tests\Tests.csproj", "{89B9D465-5767-4E1A-BD7A-03FED1C939C5}"
EndProject
Global
	GlobalSection(SolutionConfigurationPlatforms) = preSolution
		Debug|Any CPU = Debug|Any CPU
		Release|Any CPU = Release|Any CPU
	EndGlobalSection
	GlobalSection(ProjectConfigurationPlatforms) = postSolution
		{DDB4DD6A-86D1-4BB2-91D6-9CA2887192BA}.Debug|Any CPU.ActiveCfg = Debug|Any CPU
		{DDB4DD6A-86D1-4BB2-91D6-9CA2887192BA}.Debug|Any CPU.Build.0 = Debug|Any CPU
		{DDB4DD6A-86D1-4BB2-91D6-9CA2887192BA}.Release|Any CPU.ActiveCfg = Release|Any CPU
		{DDB4DD6A-86D1-4BB2-91D6-9CA2887192BA}.Release|Any CPU.Build.0 = Release|Any CPU
		{C65B5798-6580-4719-A6FA-2BC0481AF009}.Debug|Any CPU.ActiveCfg = Debug|Any CPU
		{C65B5798-6580-4719-A6FA-2BC0481AF009}.Debug|Any CPU.Build.0 = Debug|Any CPU
		{C65B5798-6580-4719-A6FA-2BC0481AF009}.Release|Any CPU.ActiveCfg = Release|Any CPU
		{C65B5798-6580-4719-A6FA-2BC0481AF009}.Release|Any CPU.Build.0 = Release|Any CPU
		{7ECCB781-71CA-4120-9376-05FE31D67927}.Debug|Any CPU.ActiveCfg = Debug|Any CPU
		{7ECCB781-71CA-4120-9376-05FE31D67927}.Debug|Any CPU.Build.0 = Debug|Any CPU
		{7ECCB781-71CA-4120-9376-05FE31D67927}.Release|Any CPU.ActiveCfg = Release|Any CPU
		{7ECCB781-71CA-4120-9376-05FE31D67927}.Release|Any CPU.Build.0 = Release|Any CPU
		{89B9D465-5767-4E1A-BD7A-03FED1C939C5}.Debug|Any CPU.ActiveCfg = Debug|Any CPU
		{89B9D465-5767-4E1A-BD7A-03FED1C939C5}.Debug|Any CPU.Build.0 = Debug|Any CPU
		{89B9D465-5767-4E1A-BD7A-03FED1C939C5}.Release|Any CPU.ActiveCfg = Release|Any CPU
		{89B9D465-5767-4E1A-BD7A-03FED1C939C5}.Release|Any CPU.Build.0 = Release|Any CPU
	EndGlobalSection
	GlobalSection(SolutionProperties) = preSolution
		HideSolutionNode = FALSE
	EndGlobalSection
	GlobalSection(ExtensibilityGlobals) = postSolution
		SolutionGuid = {931B7D24-02A1-42A6-B653-F3169EDDD81C}
	EndGlobalSection
EndGlobal
